
Microsoft Visual Studio Solution File, Format Version 12.00
# Visual Studio Version 16
VisualStudioVersion = 16.0.35425.106
MinimumVisualStudioVersion = 10.0.40219.1
Project("{FAE04EC0-301F-11D3-BF4B-00C04F79EFBC}") = "premierprogramme", "premierprogramme\premierprogramme.csproj", "{F54782F2-29F1-4BC0-ADB1-DE628144C8E8}"
EndProject
Global
	GlobalSection(SolutionConfigurationPlatforms) = preSolution
		Debug|Any CPU = Debug|Any CPU
		Release|Any CPU = Release|Any CPU
	EndGlobalSection
	GlobalSection(ProjectConfigurationPlatforms) = postSolution
		{F54782F2-29F1-4BC0-ADB1-DE628144C8E8}.Debug|Any CPU.ActiveCfg = Debug|Any CPU
		{F54782F2-29F1-4BC0-ADB1-DE628144C8E8}.Debug|Any CPU.Build.0 = Debug|Any CPU
		{F54782F2-29F1-4BC0-ADB1-DE628144C8E8}.Release|Any CPU.ActiveCfg = Release|Any CPU
		{F54782F2-29F1-4BC0-ADB1-DE628144C8E8}.Release|Any CPU.Build.0 = Release|Any CPU
	EndGlobalSection
	GlobalSection(SolutionProperties) = preSolution
		HideSolutionNode = FALSE
	EndGlobalSection
	GlobalSection(ExtensibilityGlobals) = postSolution
		SolutionGuid = {B648C70B-FF0E-4665-AA8D-22F5C34A9D2C}
	EndGlobalSection
EndGlobal
